
Microsoft Visual Studio Solution File, Format Version 12.00
# Visual Studio Version 16
VisualStudioVersion = 16.0.30413.136
MinimumVisualStudioVersion = 10.0.40219.1
Project("{9A19103F-16F7-4668-BE54-9A1E7A4F7556}") = "PostManRequests", "PostManRequests.csproj", "{6B19616A-3DF6-41BC-A10D-D3CA419A1226}"
EndProject
Project("{9A19103F-16F7-4668-BE54-9A1E7A4F7556}") = "PostManTests", "..\PostManTests\PostManTests.csproj", "{42A153D1-2A45-4BE2-BD4E-D486F0D0B058}"
EndProject
Global
	GlobalSection(SolutionConfigurationPlatforms) = preSolution
		Debug|Any CPU = Debug|Any CPU
		Release|Any CPU = Release|Any CPU
	EndGlobalSection
	GlobalSection(ProjectConfigurationPlatforms) = postSolution
		{6B19616A-3DF6-41BC-A10D-D3CA419A1226}.Debug|Any CPU.ActiveCfg = Debug|Any CPU
		{6B19616A-3DF6-41BC-A10D-D3CA419A1226}.Debug|Any CPU.Build.0 = Debug|Any CPU
		{6B19616A-3DF6-41BC-A10D-D3CA419A1226}.Release|Any CPU.ActiveCfg = Release|Any CPU
		{6B19616A-3DF6-41BC-A10D-D3CA419A1226}.Release|Any CPU.Build.0 = Release|Any CPU
		{42A153D1-2A45-4BE2-BD4E-D486F0D0B058}.Debug|Any CPU.ActiveCfg = Debug|Any CPU
		{42A153D1-2A45-4BE2-BD4E-D486F0D0B058}.Debug|Any CPU.Build.0 = Debug|Any CPU
		{42A153D1-2A45-4BE2-BD4E-D486F0D0B058}.Release|Any CPU.ActiveCfg = Release|Any CPU
		{42A153D1-2A45-4BE2-BD4E-D486F0D0B058}.Release|Any CPU.Build.0 = Release|Any CPU
	EndGlobalSection
	GlobalSection(SolutionProperties) = preSolution
		HideSolutionNode = FALSE
	EndGlobalSection
	GlobalSection(ExtensibilityGlobals) = postSolution
		SolutionGuid = {ABC8BAC2-1A0E-477D-BF53-134A32D97587}
	EndGlobalSection
EndGlobal
