
Microsoft Visual Studio Solution File, Format Version 12.00
# Visual Studio Version 16
VisualStudioVersion = 16.0.30804.86
MinimumVisualStudioVersion = 10.0.40219.1
Project("{9A19103F-16F7-4668-BE54-9A1E7A4F7556}") = "UKHO.SalesCatalogueStub.Api", "UKHO.SalesCatalogueStub.Api\UKHO.SalesCatalogueStub.Api.csproj", "{1FC6AA95-B08D-4D8A-9285-ECFA236F1F70}"
EndProject
Project("{9A19103F-16F7-4668-BE54-9A1E7A4F7556}") = "UKHO.SalesCatalogueStub.Api.IntegrationTests", "UKHO.SalesCatalogueStub.Api.IntegrationTests\UKHO.SalesCatalogueStub.Api.IntegrationTests.csproj", "{7F099E6E-D8DE-4CF6-9C82-4385560756AB}"
EndProject
Project("{FAE04EC0-301F-11D3-BF4B-00C04F79EFBC}") = "UKHO.SalesCatalogueStub.EF", "UKHO.SalesCatalogueStub.EF\UKHO.SalesCatalogueStub.EF.csproj", "{39478967-DDAA-407D-BD5D-BC4AC48607AC}"
EndProject
Project("{2150E333-8FDC-42A3-9474-1A3956D46DE8}") = "Database", "Database", "{22D56A0E-9484-45ED-98B6-87753D5D411A}"
EndProject
Global
	GlobalSection(SolutionConfigurationPlatforms) = preSolution
		Debug|Any CPU = Debug|Any CPU
		Release|Any CPU = Release|Any CPU
	EndGlobalSection
	GlobalSection(ProjectConfigurationPlatforms) = postSolution
		{1FC6AA95-B08D-4D8A-9285-ECFA236F1F70}.Debug|Any CPU.ActiveCfg = Debug|Any CPU
		{1FC6AA95-B08D-4D8A-9285-ECFA236F1F70}.Debug|Any CPU.Build.0 = Debug|Any CPU
		{1FC6AA95-B08D-4D8A-9285-ECFA236F1F70}.Release|Any CPU.ActiveCfg = Release|Any CPU
		{1FC6AA95-B08D-4D8A-9285-ECFA236F1F70}.Release|Any CPU.Build.0 = Release|Any CPU
		{7F099E6E-D8DE-4CF6-9C82-4385560756AB}.Debug|Any CPU.ActiveCfg = Debug|Any CPU
		{7F099E6E-D8DE-4CF6-9C82-4385560756AB}.Debug|Any CPU.Build.0 = Debug|Any CPU
		{7F099E6E-D8DE-4CF6-9C82-4385560756AB}.Release|Any CPU.ActiveCfg = Release|Any CPU
		{7F099E6E-D8DE-4CF6-9C82-4385560756AB}.Release|Any CPU.Build.0 = Release|Any CPU
		{39478967-DDAA-407D-BD5D-BC4AC48607AC}.Debug|Any CPU.ActiveCfg = Debug|Any CPU
		{39478967-DDAA-407D-BD5D-BC4AC48607AC}.Debug|Any CPU.Build.0 = Debug|Any CPU
		{39478967-DDAA-407D-BD5D-BC4AC48607AC}.Release|Any CPU.ActiveCfg = Release|Any CPU
		{39478967-DDAA-407D-BD5D-BC4AC48607AC}.Release|Any CPU.Build.0 = Release|Any CPU
	EndGlobalSection
	GlobalSection(SolutionProperties) = preSolution
		HideSolutionNode = FALSE
	EndGlobalSection
	GlobalSection(NestedProjects) = preSolution
		{39478967-DDAA-407D-BD5D-BC4AC48607AC} = {22D56A0E-9484-45ED-98B6-87753D5D411A}
	EndGlobalSection
	GlobalSection(ExtensibilityGlobals) = postSolution
		SolutionGuid = {0C9925E1-65D2-4443-890A-0108A5D79E85}
	EndGlobalSection
EndGlobal
